
Microsoft Visual Studio Solution File, Format Version 12.00
# Visual Studio 15
VisualStudioVersion = 15.0.28010.2041
MinimumVisualStudioVersion = 10.0.40219.1
Project("{FAE04EC0-301F-11D3-BF4B-00C04F79EFBC}") = "FacilAcesso.Android", "FacilAcesso\FacilAcesso.Android\FacilAcesso.Android.csproj", "{854FD2C4-BF5C-4A5C-B202-09969C93A522}"
EndProject
Project("{FAE04EC0-301F-11D3-BF4B-00C04F79EFBC}") = "FacilAcesso.iOS", "FacilAcesso\FacilAcesso.iOS\FacilAcesso.iOS.csproj", "{393EE0EE-3C89-4B8E-B9C8-953E71E8C84D}"
EndProject
Project("{FAE04EC0-301F-11D3-BF4B-00C04F79EFBC}") = "FacilAcesso", "FacilAcesso\FacilAcesso\FacilAcesso.csproj", "{0DCA57F2-06F6-4E42-8030-1B425BB3D249}"
EndProject
Global
	GlobalSection(SolutionConfigurationPlatforms) = preSolution
		Ad-Hoc|Any CPU = Ad-Hoc|Any CPU
		Ad-Hoc|iPhone = Ad-Hoc|iPhone
		Ad-Hoc|iPhoneSimulator = Ad-Hoc|iPhoneSimulator
		AppStore|Any CPU = AppStore|Any CPU
		AppStore|iPhone = AppStore|iPhone
		AppStore|iPhoneSimulator = AppStore|iPhoneSimulator
		Debug|Any CPU = Debug|Any CPU
		Debug|iPhone = Debug|iPhone
		Debug|iPhoneSimulator = Debug|iPhoneSimulator
		Release|Any CPU = Release|Any CPU
		Release|iPhone = Release|iPhone
		Release|iPhoneSimulator = Release|iPhoneSimulator
	EndGlobalSection
	GlobalSection(ProjectConfigurationPlatforms) = postSolution
		{854FD2C4-BF5C-4A5C-B202-09969C93A522}.Ad-Hoc|Any CPU.ActiveCfg = Release|Any CPU
		{854FD2C4-BF5C-4A5C-B202-09969C93A522}.Ad-Hoc|Any CPU.Build.0 = Release|Any CPU
		{854FD2C4-BF5C-4A5C-B202-09969C93A522}.Ad-Hoc|Any CPU.Deploy.0 = Release|Any CPU
		{854FD2C4-BF5C-4A5C-B202-09969C93A522}.Ad-Hoc|iPhone.ActiveCfg = Release|Any CPU
		{854FD2C4-BF5C-4A5C-B202-09969C93A522}.Ad-Hoc|iPhone.Build.0 = Release|Any CPU
		{854FD2C4-BF5C-4A5C-B202-09969C93A522}.Ad-Hoc|iPhone.Deploy.0 = Release|Any CPU
		{854FD2C4-BF5C-4A5C-B202-09969C93A522}.Ad-Hoc|iPhoneSimulator.ActiveCfg = Release|Any CPU
		{854FD2C4-BF5C-4A5C-B202-09969C93A522}.Ad-Hoc|iPhoneSimulator.Build.0 = Release|Any CPU
		{854FD2C4-BF5C-4A5C-B202-09969C93A522}.Ad-Hoc|iPhoneSimulator.Deploy.0 = Release|Any CPU
		{854FD2C4-BF5C-4A5C-B202-09969C93A522}.AppStore|Any CPU.ActiveCfg = Release|Any CPU
		{854FD2C4-BF5C-4A5C-B202-09969C93A522}.AppStore|Any CPU.Build.0 = Release|Any CPU
		{854FD2C4-BF5C-4A5C-B202-09969C93A522}.AppStore|Any CPU.Deploy.0 = Release|Any CPU
		{854FD2C4-BF5C-4A5C-B202-09969C93A522}.AppStore|iPhone.ActiveCfg = Release|Any CPU
		{854FD2C4-BF5C-4A5C-B202-09969C93A522}.AppStore|iPhone.Build.0 = Release|Any CPU
		{854FD2C4-BF5C-4A5C-B202-09969C93A522}.AppStore|iPhone.Deploy.0 = Release|Any CPU
		{854FD2C4-BF5C-4A5C-B202-09969C93A522}.AppStore|iPhoneSimulator.ActiveCfg = Release|Any CPU
		{854FD2C4-BF5C-4A5C-B202-09969C93A522}.AppStore|iPhoneSimulator.Build.0 = Release|Any CPU
		{854FD2C4-BF5C-4A5C-B202-09969C93A522}.AppStore|iPhoneSimulator.Deploy.0 = Release|Any CPU
		{854FD2C4-BF5C-4A5C-B202-09969C93A522}.Debug|Any CPU.ActiveCfg = Debug|Any CPU
		{854FD2C4-BF5C-4A5C-B202-09969C93A522}.Debug|Any CPU.Build.0 = Debug|Any CPU
		{854FD2C4-BF5C-4A5C-B202-09969C93A522}.Debug|Any CPU.Deploy.0 = Debug|Any CPU
		{854FD2C4-BF5C-4A5C-B202-09969C93A522}.Debug|iPhone.ActiveCfg = Debug|Any CPU
		{854FD2C4-BF5C-4A5C-B202-09969C93A522}.Debug|iPhone.Build.0 = Debug|Any CPU
		{854FD2C4-BF5C-4A5C-B202-09969C93A522}.Debug|iPhone.Deploy.0 = Debug|Any CPU
		{854FD2C4-BF5C-4A5C-B202-09969C93A522}.Debug|iPhoneSimulator.ActiveCfg = Debug|Any CPU
		{854FD2C4-BF5C-4A5C-B202-09969C93A522}.Debug|iPhoneSimulator.Build.0 = Debug|Any CPU
		{854FD2C4-BF5C-4A5C-B202-09969C93A522}.Debug|iPhoneSimulator.Deploy.0 = Debug|Any CPU
		{854FD2C4-BF5C-4A5C-B202-09969C93A522}.Release|Any CPU.ActiveCfg = Release|Any CPU
		{854FD2C4-BF5C-4A5C-B202-09969C93A522}.Release|Any CPU.Build.0 = Release|Any CPU
		{854FD2C4-BF5C-4A5C-B202-09969C93A522}.Release|Any CPU.Deploy.0 = Release|Any CPU
		{854FD2C4-BF5C-4A5C-B202-09969C93A522}.Release|iPhone.ActiveCfg = Release|Any CPU
		{854FD2C4-BF5C-4A5C-B202-09969C93A522}.Release|iPhone.Build.0 = Release|Any CPU
		{854FD2C4-BF5C-4A5C-B202-09969C93A522}.Release|iPhone.Deploy.0 = Release|Any CPU
		{854FD2C4-BF5C-4A5C-B202-09969C93A522}.Release|iPhoneSimulator.ActiveCfg = Release|Any CPU
		{854FD2C4-BF5C-4A5C-B202-09969C93A522}.Release|iPhoneSimulator.Build.0 = Release|Any CPU
		{854FD2C4-BF5C-4A5C-B202-09969C93A522}.Release|iPhoneSimulator.Deploy.0 = Release|Any CPU
		{393EE0EE-3C89-4B8E-B9C8-953E71E8C84D}.Ad-Hoc|Any CPU.ActiveCfg = Ad-Hoc|iPhone
		{393EE0EE-3C89-4B8E-B9C8-953E71E8C84D}.Ad-Hoc|Any CPU.Build.0 = Ad-Hoc|iPhone
		{393EE0EE-3C89-4B8E-B9C8-953E71E8C84D}.Ad-Hoc|Any CPU.Deploy.0 = Ad-Hoc|iPhone
		{393EE0EE-3C89-4B8E-B9C8-953E71E8C84D}.Ad-Hoc|iPhone.ActiveCfg = Ad-Hoc|iPhone
		{393EE0EE-3C89-4B8E-B9C8-953E71E8C84D}.Ad-Hoc|iPhone.Build.0 = Ad-Hoc|iPhone
		{393EE0EE-3C89-4B8E-B9C8-953E71E8C84D}.Ad-Hoc|iPhone.Deploy.0 = Ad-Hoc|iPhone
		{393EE0EE-3C89-4B8E-B9C8-953E71E8C84D}.Ad-Hoc|iPhoneSimulator.ActiveCfg = Ad-Hoc|iPhoneSimulator
		{393EE0EE-3C89-4B8E-B9C8-953E71E8C84D}.Ad-Hoc|iPhoneSimulator.Build.0 = Ad-Hoc|iPhoneSimulator
		{393EE0EE-3C89-4B8E-B9C8-953E71E8C84D}.Ad-Hoc|iPhoneSimulator.Deploy.0 = Ad-Hoc|iPhoneSimulator
		{393EE0EE-3C89-4B8E-B9C8-953E71E8C84D}.AppStore|Any CPU.ActiveCfg = AppStore|iPhone
		{393EE0EE-3C89-4B8E-B9C8-953E71E8C84D}.AppStore|Any CPU.Build.0 = AppStore|iPhone
		{393EE0EE-3C89-4B8E-B9C8-953E71E8C84D}.AppStore|Any CPU.Deploy.0 = AppStore|iPhone
		{393EE0EE-3C89-4B8E-B9C8-953E71E8C84D}.AppStore|iPhone.ActiveCfg = AppStore|iPhone
		{393EE0EE-3C89-4B8E-B9C8-953E71E8C84D}.AppStore|iPhone.Build.0 = AppStore|iPhone
		{393EE0EE-3C89-4B8E-B9C8-953E71E8C84D}.AppStore|iPhone.Deploy.0 = AppStore|iPhone
		{393EE0EE-3C89-4B8E-B9C8-953E71E8C84D}.AppStore|iPhoneSimulator.ActiveCfg = AppStore|iPhoneSimulator
		{393EE0EE-3C89-4B8E-B9C8-953E71E8C84D}.AppStore|iPhoneSimulator.Build.0 = AppStore|iPhoneSimulator
		{393EE0EE-3C89-4B8E-B9C8-953E71E8C84D}.AppStore|iPhoneSimulator.Deploy.0 = AppStore|iPhoneSimulator
		{393EE0EE-3C89-4B8E-B9C8-953E71E8C84D}.Debug|Any CPU.ActiveCfg = Debug|iPhoneSimulator
		{393EE0EE-3C89-4B8E-B9C8-953E71E8C84D}.Debug|Any CPU.Build.0 = Debug|iPhoneSimulator
		{393EE0EE-3C89-4B8E-B9C8-953E71E8C84D}.Debug|Any CPU.Deploy.0 = Debug|iPhoneSimulator
		{393EE0EE-3C89-4B8E-B9C8-953E71E8C84D}.Debug|iPhone.ActiveCfg = Debug|iPhone
		{393EE0EE-3C89-4B8E-B9C8-953E71E8C84D}.Debug|iPhone.Build.0 = Debug|iPhone
		{393EE0EE-3C89-4B8E-B9C8-953E71E8C84D}.Debug|iPhone.Deploy.0 = Debug|iPhone
		{393EE0EE-3C89-4B8E-B9C8-953E71E8C84D}.Debug|iPhoneSimulator.ActiveCfg = Debug|iPhoneSimulator
		{393EE0EE-3C89-4B8E-B9C8-953E71E8C84D}.Debug|iPhoneSimulator.Build.0 = Debug|iPhoneSimulator
		{393EE0EE-3C89-4B8E-B9C8-953E71E8C84D}.Debug|iPhoneSimulator.Deploy.0 = Debug|iPhoneSimulator
		{393EE0EE-3C89-4B8E-B9C8-953E71E8C84D}.Release|Any CPU.ActiveCfg = Release|iPhone
		{393EE0EE-3C89-4B8E-B9C8-953E71E8C84D}.Release|Any CPU.Build.0 = Release|iPhone
		{393EE0EE-3C89-4B8E-B9C8-953E71E8C84D}.Release|Any CPU.Deploy.0 = Release|iPhone
		{393EE0EE-3C89-4B8E-B9C8-953E71E8C84D}.Release|iPhone.ActiveCfg = Release|iPhone
		{393EE0EE-3C89-4B8E-B9C8-953E71E8C84D}.Release|iPhone.Build.0 = Release|iPhone
		{393EE0EE-3C89-4B8E-B9C8-953E71E8C84D}.Release|iPhone.Deploy.0 = Release|iPhone
		{393EE0EE-3C89-4B8E-B9C8-953E71E8C84D}.Release|iPhoneSimulator.ActiveCfg = Release|iPhoneSimulator
		{393EE0EE-3C89-4B8E-B9C8-953E71E8C84D}.Release|iPhoneSimulator.Build.0 = Release|iPhoneSimulator
		{393EE0EE-3C89-4B8E-B9C8-953E71E8C84D}.Release|iPhoneSimulator.Deploy.0 = Release|iPhoneSimulator
		{0DCA57F2-06F6-4E42-8030-1B425BB3D249}.Ad-Hoc|Any CPU.ActiveCfg = Debug|Any CPU
		{0DCA57F2-06F6-4E42-8030-1B425BB3D249}.Ad-Hoc|Any CPU.Build.0 = Debug|Any CPU
		{0DCA57F2-06F6-4E42-8030-1B425BB3D249}.Ad-Hoc|Any CPU.Deploy.0 = Debug|Any CPU
		{0DCA57F2-06F6-4E42-8030-1B425BB3D249}.Ad-Hoc|iPhone.ActiveCfg = Debug|Any CPU
		{0DCA57F2-06F6-4E42-8030-1B425BB3D249}.Ad-Hoc|iPhone.Build.0 = Debug|Any CPU
		{0DCA57F2-06F6-4E42-8030-1B425BB3D249}.Ad-Hoc|iPhone.Deploy.0 = Debug|Any CPU
		{0DCA57F2-06F6-4E42-8030-1B425BB3D249}.Ad-Hoc|iPhoneSimulator.ActiveCfg = Debug|Any CPU
		{0DCA57F2-06F6-4E42-8030-1B425BB3D249}.Ad-Hoc|iPhoneSimulator.Build.0 = Debug|Any CPU
		{0DCA57F2-06F6-4E42-8030-1B425BB3D249}.Ad-Hoc|iPhoneSimulator.Deploy.0 = Debug|Any CPU
		{0DCA57F2-06F6-4E42-8030-1B425BB3D249}.AppStore|Any CPU.ActiveCfg = Debug|Any CPU
		{0DCA57F2-06F6-4E42-8030-1B425BB3D249}.AppStore|Any CPU.Build.0 = Debug|Any CPU
		{0DCA57F2-06F6-4E42-8030-1B425BB3D249}.AppStore|Any CPU.Deploy.0 = Debug|Any CPU
		{0DCA57F2-06F6-4E42-8030-1B425BB3D249}.AppStore|iPhone.ActiveCfg = Debug|Any CPU
		{0DCA57F2-06F6-4E42-8030-1B425BB3D249}.AppStore|iPhone.Build.0 = Debug|Any CPU
		{0DCA57F2-06F6-4E42-8030-1B425BB3D249}.AppStore|iPhone.Deploy.0 = Debug|Any CPU
		{0DCA57F2-06F6-4E42-8030-1B425BB3D249}.AppStore|iPhoneSimulator.ActiveCfg = Debug|Any CPU
		{0DCA57F2-06F6-4E42-8030-1B425BB3D249}.AppStore|iPhoneSimulator.Build.0 = Debug|Any CPU
		{0DCA57F2-06F6-4E42-8030-1B425BB3D249}.AppStore|iPhoneSimulator.Deploy.0 = Debug|Any CPU
		{0DCA57F2-06F6-4E42-8030-1B425BB3D249}.Debug|Any CPU.ActiveCfg = Debug|Any CPU
		{0DCA57F2-06F6-4E42-8030-1B425BB3D249}.Debug|Any CPU.Build.0 = Debug|Any CPU
		{0DCA57F2-06F6-4E42-8030-1B425BB3D249}.Debug|Any CPU.Deploy.0 = Debug|Any CPU
		{0DCA57F2-06F6-4E42-8030-1B425BB3D249}.Debug|iPhone.ActiveCfg = Debug|Any CPU
		{0DCA57F2-06F6-4E42-8030-1B425BB3D249}.Debug|iPhone.Build.0 = Debug|Any CPU
		{0DCA57F2-06F6-4E42-8030-1B425BB3D249}.Debug|iPhone.Deploy.0 = Debug|Any CPU
		{0DCA57F2-06F6-4E42-8030-1B425BB3D249}.Debug|iPhoneSimulator.ActiveCfg = Debug|Any CPU
		{0DCA57F2-06F6-4E42-8030-1B425BB3D249}.Debug|iPhoneSimulator.Build.0 = Debug|Any CPU
		{0DCA57F2-06F6-4E42-8030-1B425BB3D249}.Debug|iPhoneSimulator.Deploy.0 = Debug|Any CPU
		{0DCA57F2-06F6-4E42-8030-1B425BB3D249}.Release|Any CPU.ActiveCfg = Release|Any CPU
		{0DCA57F2-06F6-4E42-8030-1B425BB3D249}.Release|Any CPU.Build.0 = Release|Any CPU
		{0DCA57F2-06F6-4E42-8030-1B425BB3D249}.Release|Any CPU.Deploy.0 = Release|Any CPU
		{0DCA57F2-06F6-4E42-8030-1B425BB3D249}.Release|iPhone.ActiveCfg = Release|Any CPU
		{0DCA57F2-06F6-4E42-8030-1B425BB3D249}.Release|iPhone.Build.0 = Release|Any CPU
		{0DCA57F2-06F6-4E42-8030-1B425BB3D249}.Release|iPhone.Deploy.0 = Release|Any CPU
		{0DCA57F2-06F6-4E42-8030-1B425BB3D249}.Release|iPhoneSimulator.ActiveCfg = Release|Any CPU
		{0DCA57F2-06F6-4E42-8030-1B425BB3D249}.Release|iPhoneSimulator.Build.0 = Release|Any CPU
		{0DCA57F2-06F6-4E42-8030-1B425BB3D249}.Release|iPhoneSimulator.Deploy.0 = Release|Any CPU
	EndGlobalSection
	GlobalSection(SolutionProperties) = preSolution
		HideSolutionNode = FALSE
	EndGlobalSection
	GlobalSection(ExtensibilityGlobals) = postSolution
		SolutionGuid = {FA3F962A-7FEE-46CF-B3CE-EE21FFFC4D73}
	EndGlobalSection
EndGlobal
